<?xml version="1.0" encoding="utf-8"?>
<Project ToolsVersion="4.0" xmlns="http://schemas.microsoft.com/developer/msbuild/2003">
  <ItemGroup>
    <Filter Include="Source Files">
      <UniqueIdentifier>{4FC737F1-C7A5-4376-A066-2A32D752A2FF}</UniqueIdentifier>
      <Extensions>cpp;c;cc;cxx;c++;cppm;ixx;def;odl;idl;hpj;bat;asm;asmx</Extensions>
    </Filter>
    <Filter Include="Header Files">
      <UniqueIdentifier>{93995380-89BD-4b04-88EB-625FBE52EBFB}</UniqueIdentifier>
      <Extensions>h;hh;hpp;hxx;h++;hm;inl;inc;ipp;xsd</Extensions>
    </Filter>
    <Filter Include="Resource Files">
      <UniqueIdentifier>{67DA6AB6-F800-4c08-8B7A-83BB121AAD01}</UniqueIdentifier>
      <Extensions>rc;ico;cur;bmp;dlg;rc2;rct;bin;rgs;gif;jpg;jpeg;jpe;resx;tiff;tif;png;wav;mfcribbon-ms</Extensions>
    </Filter>
    <Filter Include="Header Files\Commands">
      <UniqueIdentifier>{91946b1f-3502-409c-b9a8-0fc230bad417}</UniqueIdentifier>
    </Filter>
    <Filter Include="Source Files\Commands">
      <UniqueIdentifier>{0cb1eac0-75ea-4419-a542-e69fd39e9992}</UniqueIdentifier>
    </Filter>
    <Filter Include="Header Files\Commands\Add">
      <UniqueIdentifier>{19b9c9fb-5d68-4d3f-8e98-16c5c254e643}</UniqueIdentifier>
    </Filter>
    <Filter Include="Header Files\Commands\Remove">
      <UniqueIdentifier>{846a6056-735f-43b6-a17e-f7157103beed}</UniqueIdentifier>
    </Filter>
    <Filter Include="Header Files\Commands\Show">
      <UniqueIdentifier>{c9aeb6d6-0701-4ccf-bf89-4058d99882ef}</UniqueIdentifier>
    </Filter>
    <Filter Include="Header Files\Commands\Log">
      <UniqueIdentifier>{d10e10c9-ae68-4ab1-88d6-f593381adf97}</UniqueIdentifier>
    </Filter>
  </ItemGroup>
  <ItemGroup>
    <ClCompile Include="Source.cpp">
      <Filter>Source Files</Filter>
    </ClCompile>
    <ClCompile Include="AdminMenu.cpp">
      <Filter>Source Files</Filter>
    </ClCompile>
    <ClCompile Include="CommandLog.cpp">
      <Filter>Header Files\Commands\Log</Filter>
    </ClCompile>
  </ItemGroup>
  <ItemGroup>
    <ClInclude Include="AdminMenu.h">
      <Filter>Header Files</Filter>
    </ClInclude>
    <ClInclude Include="Command.h">
      <Filter>Header Files\Commands</Filter>
    </ClInclude>
    <ClInclude Include="AddAuthorCommand.h">
      <Filter>Header Files\Commands\Add</Filter>
    </ClInclude>
    <ClInclude Include="AddBookCommand.h">
      <Filter>Header Files\Commands\Add</Filter>
    </ClInclude>
    <ClInclude Include="AddCustomerCommand.h">
      <Filter>Header Files\Commands\Add</Filter>
    </ClInclude>
    <ClInclude Include="AddEmployeeCommand.h">
      <Filter>Header Files\Commands\Add</Filter>
    </ClInclude>
    <ClInclude Include="RemoveAuthorCommand.h">
      <Filter>Header Files\Commands\Remove</Filter>
    </ClInclude>
    <ClInclude Include="RemoveCustomerCommand.h">
      <Filter>Header Files\Commands\Remove</Filter>
    </ClInclude>
    <ClInclude Include="RemoveEmployeeCommand.h">
      <Filter>Header Files\Commands\Remove</Filter>
    </ClInclude>
    <ClInclude Include="RemoveBookCommand.h">
      <Filter>Header Files\Commands\Remove</Filter>
    </ClInclude>
    <ClInclude Include="CommandLog.h">
      <Filter>Header Files\Commands\Log</Filter>
    </ClInclude>
  </ItemGroup>
  <ItemGroup>
    <Text Include="Authors.txt">
      <Filter>Resource Files</Filter>
    </Text>
    <Text Include="Books.txt">
      <Filter>Resource Files</Filter>
    </Text>
    <Text Include="Customers.txt">
      <Filter>Resource Files</Filter>
    </Text>
    <Text Include="Employees.txt">
      <Filter>Resource Files</Filter>
    </Text>
  </ItemGroup>
</Project>